
Microsoft Visual Studio Solution File, Format Version 12.00
# Visual Studio Version 17
VisualStudioVersion = 17.11.35312.102
MinimumVisualStudioVersion = 10.0.40219.1
Project("{FAE04EC0-301F-11D3-BF4B-00C04F79EFBC}") = "MS-Frontend.WebApp", "MS-Frontend.WebApp\MS-Frontend.WebApp.csproj", "{E78C736A-345E-4515-B0B7-276B07215504}"
EndProject
Project("{2150E333-8FDC-42A3-9474-1A3956D46DE8}") = "K8S", "K8S", "{3DDC94D5-10AA-46FD-A626-107BC885FF00}"
	ProjectSection(SolutionItems) = preProject
		webapp-depl.yaml = webapp-depl.yaml
	EndProjectSection
EndProject
Global
	GlobalSection(SolutionConfigurationPlatforms) = preSolution
		Debug|Any CPU = Debug|Any CPU
		Release|Any CPU = Release|Any CPU
	EndGlobalSection
	GlobalSection(ProjectConfigurationPlatforms) = postSolution
		{E78C736A-345E-4515-B0B7-276B07215504}.Debug|Any CPU.ActiveCfg = Debug|Any CPU
		{E78C736A-345E-4515-B0B7-276B07215504}.Debug|Any CPU.Build.0 = Debug|Any CPU
		{E78C736A-345E-4515-B0B7-276B07215504}.Release|Any CPU.ActiveCfg = Release|Any CPU
		{E78C736A-345E-4515-B0B7-276B07215504}.Release|Any CPU.Build.0 = Release|Any CPU
	EndGlobalSection
	GlobalSection(SolutionProperties) = preSolution
		HideSolutionNode = FALSE
	EndGlobalSection
	GlobalSection(ExtensibilityGlobals) = postSolution
		SolutionGuid = {E92EC622-955B-468A-80C0-B74A6F4E6427}
	EndGlobalSection
EndGlobal
